// !$*UTF8*$!
{
	archiveVersion = 1;
	classes = {
	};
	objectVersion = 46;
	objects = {

/* Begin PBXBuildFile section */
		481FBAB11F508CEE00EB2613 /* LoginViewController.swift in Sources */ = {isa = PBXBuildFile; fileRef = 481FBAB01F508CEE00EB2613 /* LoginViewController.swift */; };
		4826255F1F1D334E006315E0 /* AppDelegate.swift in Sources */ = {isa = PBXBuildFile; fileRef = 4826255E1F1D334E006315E0 /* AppDelegate.swift */; };
		482625611F1D334E006315E0 /* ViewController.swift in Sources */ = {isa = PBXBuildFile; fileRef = 482625601F1D334E006315E0 /* ViewController.swift */; };
		482625641F1D334E006315E0 /* Main.storyboard in Resources */ = {isa = PBXBuildFile; fileRef = 482625621F1D334E006315E0 /* Main.storyboard */; };
		482625661F1D334E006315E0 /* Assets.xcassets in Resources */ = {isa = PBXBuildFile; fileRef = 482625651F1D334E006315E0 /* Assets.xcassets */; };
		482625691F1D334E006315E0 /* LaunchScreen.storyboard in Resources */ = {isa = PBXBuildFile; fileRef = 482625671F1D334E006315E0 /* LaunchScreen.storyboard */; };
		482625711F1D33DE006315E0 /* GoogleService-Info.plist in Resources */ = {isa = PBXBuildFile; fileRef = 482625701F1D33DE006315E0 /* GoogleService-Info.plist */; };
		4827859D1F4B6F94006AE3F6 /* CommentTableViewController.swift in Sources */ = {isa = PBXBuildFile; fileRef = 4827859C1F4B6F94006AE3F6 /* CommentTableViewController.swift */; };
		483A8E771F4CB2B800D3A5DA /* HomeTableViewCellAddPost.swift in Sources */ = {isa = PBXBuildFile; fileRef = 483A8E761F4CB2B800D3A5DA /* HomeTableViewCellAddPost.swift */; };
		483A8E791F4CB2C800D3A5DA /* HomeTableViewCellPost.swift in Sources */ = {isa = PBXBuildFile; fileRef = 483A8E781F4CB2C800D3A5DA /* HomeTableViewCellPost.swift */; };
		483BE06F1F1E853B0080A2C3 /* ProfileViewController.swift in Sources */ = {isa = PBXBuildFile; fileRef = 483BE06E1F1E853A0080A2C3 /* ProfileViewController.swift */; };
		483E018A1F48546400619833 /* ContentFittingTableView.swift in Sources */ = {isa = PBXBuildFile; fileRef = 483E01891F48546400619833 /* ContentFittingTableView.swift */; };
		484593011F460A660032505A /* CommentViewController.swift in Sources */ = {isa = PBXBuildFile; fileRef = 484593001F460A660032505A /* CommentViewController.swift */; };
		484593031F461CDF0032505A /* SearchViewController.swift in Sources */ = {isa = PBXBuildFile; fileRef = 484593021F461CDF0032505A /* SearchViewController.swift */; };
		486BFFE31F25334B0059BFD8 /* PostEditorViewController.swift in Sources */ = {isa = PBXBuildFile; fileRef = 486BFFE21F25334B0059BFD8 /* PostEditorViewController.swift */; };
		486DB33C1F1FFA7F00242D25 /* RegisterViewController.swift in Sources */ = {isa = PBXBuildFile; fileRef = 486DB33B1F1FFA7F00242D25 /* RegisterViewController.swift */; };
		4888A9C01F24A7EF00587A86 /* NotificationViewController.swift in Sources */ = {isa = PBXBuildFile; fileRef = 4888A9BF1F24A7EF00587A86 /* NotificationViewController.swift */; };
		4888A9C61F24C75B00587A86 /* HomeViewController.swift in Sources */ = {isa = PBXBuildFile; fileRef = 4888A9C51F24C75B00587A86 /* HomeViewController.swift */; };
		4888A9C91F24C97000587A86 /* HomeTableViewCellSlider.swift in Sources */ = {isa = PBXBuildFile; fileRef = 4888A9C71F24C97000587A86 /* HomeTableViewCellSlider.swift */; };
		4888A9CA1F24C97000587A86 /* HomeTableViewCellSlider.xib in Resources */ = {isa = PBXBuildFile; fileRef = 4888A9C81F24C97000587A86 /* HomeTableViewCellSlider.xib */; };
		48C7713F1F23B5130064F108 /* EditViewController.swift in Sources */ = {isa = PBXBuildFile; fileRef = 48C7713E1F23B5130064F108 /* EditViewController.swift */; };
		48FF95311F238924005536C9 /* SettingViewController.swift in Sources */ = {isa = PBXBuildFile; fileRef = 48FF95301F238924005536C9 /* SettingViewController.swift */; };
		52317E8CA7306E149186DBF1 /* Pods_SocialNet.framework in Frameworks */ = {isa = PBXBuildFile; fileRef = 1A65A8BC87CC8BCABEF670E8 /* Pods_SocialNet.framework */; };
/* End PBXBuildFile section */

/* Begin PBXFileReference section */
		18B10B7E883DD60FC7FEF2E6 /* Pods-SocialNet.debug.xcconfig */ = {isa = PBXFileReference; includeInIndex = 1; lastKnownFileType = text.xcconfig; name = "Pods-SocialNet.debug.xcconfig"; path = "Pods/Target Support Files/Pods-SocialNet/Pods-SocialNet.debug.xcconfig"; sourceTree = "<group>"; };
		1A65A8BC87CC8BCABEF670E8 /* Pods_SocialNet.framework */ = {isa = PBXFileReference; explicitFileType = wrapper.framework; includeInIndex = 0; path = Pods_SocialNet.framework; sourceTree = BUILT_PRODUCTS_DIR; };
		481FBAB01F508CEE00EB2613 /* LoginViewController.swift */ = {isa = PBXFileReference; fileEncoding = 4; lastKnownFileType = sourcecode.swift; path = LoginViewController.swift; sourceTree = "<group>"; };
		4826255B1F1D334E006315E0 /* SocialNet.app */ = {isa = PBXFileReference; explicitFileType = wrapper.application; includeInIndex = 0; path = SocialNet.app; sourceTree = BUILT_PRODUCTS_DIR; };
		4826255E1F1D334E006315E0 /* AppDelegate.swift */ = {isa = PBXFileReference; lastKnownFileType = sourcecode.swift; path = AppDelegate.swift; sourceTree = "<group>"; };
		482625601F1D334E006315E0 /* ViewController.swift */ = {isa = PBXFileReference; lastKnownFileType = sourcecode.swift; path = ViewController.swift; sourceTree = "<group>"; };
		482625631F1D334E006315E0 /* Base */ = {isa = PBXFileReference; lastKnownFileType = file.storyboard; name = Base; path = Base.lproj/Main.storyboard; sourceTree = "<group>"; };
		482625651F1D334E006315E0 /* Assets.xcassets */ = {isa = PBXFileReference; lastKnownFileType = folder.assetcatalog; path = Assets.xcassets; sourceTree = "<group>"; };
		482625681F1D334E006315E0 /* Base */ = {isa = PBXFileReference; lastKnownFileType = file.storyboard; name = Base; path = Base.lproj/LaunchScreen.storyboard; sourceTree = "<group>"; };
		4826256A1F1D334E006315E0 /* Info.plist */ = {isa = PBXFileReference; lastKnownFileType = text.plist.xml; path = Info.plist; sourceTree = "<group>"; };
		482625701F1D33DE006315E0 /* GoogleService-Info.plist */ = {isa = PBXFileReference; fileEncoding = 4; lastKnownFileType = text.plist.xml; path = "GoogleService-Info.plist"; sourceTree = "<group>"; };
		4827859C1F4B6F94006AE3F6 /* CommentTableViewController.swift */ = {isa = PBXFileReference; fileEncoding = 4; lastKnownFileType = sourcecode.swift; path = CommentTableViewController.swift; sourceTree = "<group>"; };
		483A8E761F4CB2B800D3A5DA /* HomeTableViewCellAddPost.swift */ = {isa = PBXFileReference; fileEncoding = 4; lastKnownFileType = sourcecode.swift; path = HomeTableViewCellAddPost.swift; sourceTree = "<group>"; };
		483A8E781F4CB2C800D3A5DA /* HomeTableViewCellPost.swift */ = {isa = PBXFileReference; fileEncoding = 4; lastKnownFileType = sourcecode.swift; path = HomeTableViewCellPost.swift; sourceTree = "<group>"; };
		483BE06E1F1E853A0080A2C3 /* ProfileViewController.swift */ = {isa = PBXFileReference; fileEncoding = 4; lastKnownFileType = sourcecode.swift; path = ProfileViewController.swift; sourceTree = "<group>"; };
		483E01891F48546400619833 /* ContentFittingTableView.swift */ = {isa = PBXFileReference; fileEncoding = 4; lastKnownFileType = sourcecode.swift; path = ContentFittingTableView.swift; sourceTree = "<group>"; };
		484593001F460A660032505A /* CommentViewController.swift */ = {isa = PBXFileReference; fileEncoding = 4; lastKnownFileType = sourcecode.swift; path = CommentViewController.swift; sourceTree = "<group>"; };
		484593021F461CDF0032505A /* SearchViewController.swift */ = {isa = PBXFileReference; fileEncoding = 4; lastKnownFileType = sourcecode.swift; path = SearchViewController.swift; sourceTree = "<group>"; };
		486BFFE21F25334B0059BFD8 /* PostEditorViewController.swift */ = {isa = PBXFileReference; fileEncoding = 4; lastKnownFileType = sourcecode.swift; path = PostEditorViewController.swift; sourceTree = "<group>"; };
		486DB33B1F1FFA7F00242D25 /* RegisterViewController.swift */ = {isa = PBXFileReference; fileEncoding = 4; lastKnownFileType = sourcecode.swift; path = RegisterViewController.swift; sourceTree = "<group>"; };
		4888A9BF1F24A7EF00587A86 /* NotificationViewController.swift */ = {isa = PBXFileReference; fileEncoding = 4; lastKnownFileType = sourcecode.swift; path = NotificationViewController.swift; sourceTree = "<group>"; };
		4888A9C51F24C75B00587A86 /* HomeViewController.swift */ = {isa = PBXFileReference; fileEncoding = 4; lastKnownFileType = sourcecode.swift; path = HomeViewController.swift; sourceTree = "<group>"; };
		4888A9C71F24C97000587A86 /* HomeTableViewCellSlider.swift */ = {isa = PBXFileReference; fileEncoding = 4; lastKnownFileType = sourcecode.swift; path = HomeTableViewCellSlider.swift; sourceTree = "<group>"; };
		4888A9C81F24C97000587A86 /* HomeTableViewCellSlider.xib */ = {isa = PBXFileReference; fileEncoding = 4; lastKnownFileType = file.xib; path = HomeTableViewCellSlider.xib; sourceTree = "<group>"; };
		48C7713E1F23B5130064F108 /* EditViewController.swift */ = {isa = PBXFileReference; fileEncoding = 4; lastKnownFileType = sourcecode.swift; path = EditViewController.swift; sourceTree = "<group>"; };
		48FF95301F238924005536C9 /* SettingViewController.swift */ = {isa = PBXFileReference; fileEncoding = 4; lastKnownFileType = sourcecode.swift; path = SettingViewController.swift; sourceTree = "<group>"; };
		98E24DE621D83CAB3593E6BF /* Pods-SocialNet.release.xcconfig */ = {isa = PBXFileReference; includeInIndex = 1; lastKnownFileType = text.xcconfig; name = "Pods-SocialNet.release.xcconfig"; path = "Pods/Target Support Files/Pods-SocialNet/Pods-SocialNet.release.xcconfig"; sourceTree = "<group>"; };
/* End PBXFileReference section */

/* Begin PBXFrameworksBuildPhase section */
		482625581F1D334E006315E0 /* Frameworks */ = {
			isa = PBXFrameworksBuildPhase;
			buildActionMask = 2147483647;
			files = (
				52317E8CA7306E149186DBF1 /* Pods_SocialNet.framework in Frameworks */,
			);
			runOnlyForDeploymentPostprocessing = 0;
		};
/* End PBXFrameworksBuildPhase section */

/* Begin PBXGroup section */
		102FB02825A5BB9413012ABE /* Frameworks */ = {
			isa = PBXGroup;
			children = (
				1A65A8BC87CC8BCABEF670E8 /* Pods_SocialNet.framework */,
			);
			name = Frameworks;
			sourceTree = "<group>";
		};
		482625521F1D334E006315E0 = {
			isa = PBXGroup;
			children = (
				4826255D1F1D334E006315E0 /* SocialNet */,
				4826255C1F1D334E006315E0 /* Products */,
				8118E27F56DD525F35D5B57C /* Pods */,
				102FB02825A5BB9413012ABE /* Frameworks */,
			);
			sourceTree = "<group>";
		};
		4826255C1F1D334E006315E0 /* Products */ = {
			isa = PBXGroup;
			children = (
				4826255B1F1D334E006315E0 /* SocialNet.app */,
			);
			name = Products;
			sourceTree = "<group>";
		};
		4826255D1F1D334E006315E0 /* SocialNet */ = {
			isa = PBXGroup;
			children = (
				483A8E781F4CB2C800D3A5DA /* HomeTableViewCellPost.swift */,
				483A8E761F4CB2B800D3A5DA /* HomeTableViewCellAddPost.swift */,
				4826255E1F1D334E006315E0 /* AppDelegate.swift */,
				482625601F1D334E006315E0 /* ViewController.swift */,
				482625621F1D334E006315E0 /* Main.storyboard */,
				48FF95301F238924005536C9 /* SettingViewController.swift */,
				48C7713E1F23B5130064F108 /* EditViewController.swift */,
				483BE06E1F1E853A0080A2C3 /* ProfileViewController.swift */,
				4888A9C51F24C75B00587A86 /* HomeViewController.swift */,
				484593021F461CDF0032505A /* SearchViewController.swift */,
				484593001F460A660032505A /* CommentViewController.swift */,
				4827859C1F4B6F94006AE3F6 /* CommentTableViewController.swift */,
				4888A9C71F24C97000587A86 /* HomeTableViewCellSlider.swift */,
				4888A9C81F24C97000587A86 /* HomeTableViewCellSlider.xib */,
				486DB33B1F1FFA7F00242D25 /* RegisterViewController.swift */,
				481FBAB01F508CEE00EB2613 /* LoginViewController.swift */,
				4888A9BF1F24A7EF00587A86 /* NotificationViewController.swift */,
				486BFFE21F25334B0059BFD8 /* PostEditorViewController.swift */,
				482625651F1D334E006315E0 /* Assets.xcassets */,
				482625671F1D334E006315E0 /* LaunchScreen.storyboard */,
				482625701F1D33DE006315E0 /* GoogleService-Info.plist */,
				4826256A1F1D334E006315E0 /* Info.plist */,
				483E01891F48546400619833 /* ContentFittingTableView.swift */,
			);
			path = SocialNet;
			sourceTree = "<group>";
		};
		8118E27F56DD525F35D5B57C /* Pods */ = {
			isa = PBXGroup;
			children = (
				18B10B7E883DD60FC7FEF2E6 /* Pods-SocialNet.debug.xcconfig */,
				98E24DE621D83CAB3593E6BF /* Pods-SocialNet.release.xcconfig */,
			);
			name = Pods;
			sourceTree = "<group>";
		};
/* End PBXGroup section */

/* Begin PBXNativeTarget section */
		4826255A1F1D334E006315E0 /* SocialNet */ = {
			isa = PBXNativeTarget;
			buildConfigurationList = 4826256D1F1D334E006315E0 /* Build configuration list for PBXNativeTarget "SocialNet" */;
			buildPhases = (
				FC613B7F4E9FC386F338EF49 /* [CP] Check Pods Manifest.lock */,
				482625571F1D334E006315E0 /* Sources */,
				482625581F1D334E006315E0 /* Frameworks */,
				482625591F1D334E006315E0 /* Resources */,
				12B28889A7157712AAE47F60 /* [CP] Embed Pods Frameworks */,
				7B368165D8BEEE43EE56DC7C /* [CP] Copy Pods Resources */,
			);
			buildRules = (
			);
			dependencies = (
			);
			name = SocialNet;
			productName = SocialNet;
			productReference = 4826255B1F1D334E006315E0 /* SocialNet.app */;
			productType = "com.apple.product-type.application";
		};
/* End PBXNativeTarget section */

/* Begin PBXProject section */
		482625531F1D334E006315E0 /* Project object */ = {
			isa = PBXProject;
			attributes = {
				LastSwiftUpdateCheck = 0820;
				LastUpgradeCheck = 0820;
				ORGANIZATIONNAME = "saeed EzaziRanjKeli";
				TargetAttributes = {
					4826255A1F1D334E006315E0 = {
						CreatedOnToolsVersion = 8.2;
						DevelopmentTeam = 9TD5LTN3NQ;
						ProvisioningStyle = Automatic;
					};
				};
			};
			buildConfigurationList = 482625561F1D334E006315E0 /* Build configuration list for PBXProject "SocialNet" */;
			compatibilityVersion = "Xcode 3.2";
			developmentRegion = English;
			hasScannedForEncodings = 0;
			knownRegions = (
				en,
				Base,
			);
			mainGroup = 482625521F1D334E006315E0;
			productRefGroup = 4826255C1F1D334E006315E0 /* Products */;
			projectDirPath = "";
			projectRoot = "";
			targets = (
				4826255A1F1D334E006315E0 /* SocialNet */,
			);
		};
/* End PBXProject section */

/* Begin PBXResourcesBuildPhase section */
		482625591F1D334E006315E0 /* Resources */ = {
			isa = PBXResourcesBuildPhase;
			buildActionMask = 2147483647;
			files = (
				482625691F1D334E006315E0 /* LaunchScreen.storyboard in Resources */,
				482625711F1D33DE006315E0 /* GoogleService-Info.plist in Resources */,
				4888A9CA1F24C97000587A86 /* HomeTableViewCellSlider.xib in Resources */,
				482625661F1D334E006315E0 /* Assets.xcassets in Resources */,
				482625641F1D334E006315E0 /* Main.storyboard in Resources */,
			);
			runOnlyForDeploymentPostprocessing = 0;
		};
/* End PBXResourcesBuildPhase section */

/* Begin PBXShellScriptBuildPhase section */
		12B28889A7157712AAE47F60 /* [CP] Embed Pods Frameworks */ = {
			isa = PBXShellScriptBuildPhase;
			buildActionMask = 2147483647;
			files = (
			);
			inputPaths = (
			);
			name = "[CP] Embed Pods Frameworks";
			outputPaths = (
			);
			runOnlyForDeploymentPostprocessing = 0;
			shellPath = /bin/sh;
			shellScript = "\"${SRCROOT}/Pods/Target Support Files/Pods-SocialNet/Pods-SocialNet-frameworks.sh\"\n";
			showEnvVarsInLog = 0;
		};
		7B368165D8BEEE43EE56DC7C /* [CP] Copy Pods Resources */ = {
			isa = PBXShellScriptBuildPhase;
			buildActionMask = 2147483647;
			files = (
			);
			inputPaths = (
			);
			name = "[CP] Copy Pods Resources";
			outputPaths = (
			);
			runOnlyForDeploymentPostprocessing = 0;
			shellPath = /bin/sh;
			shellScript = "\"${SRCROOT}/Pods/Target Support Files/Pods-SocialNet/Pods-SocialNet-resources.sh\"\n";
			showEnvVarsInLog = 0;
		};
		FC613B7F4E9FC386F338EF49 /* [CP] Check Pods Manifest.lock */ = {
			isa = PBXShellScriptBuildPhase;
			buildActionMask = 2147483647;
			files = (
			);
			inputPaths = (
			);
			name = "[CP] Check Pods Manifest.lock";
			outputPaths = (
			);
			runOnlyForDeploymentPostprocessing = 0;
			shellPath = /bin/sh;
			shellScript = "diff \"${PODS_PODFILE_DIR_PATH}/Podfile.lock\" \"${PODS_ROOT}/Manifest.lock\" > /dev/null\nif [ $? != 0 ] ; then\n    # print error to STDERR\n    echo \"error: The sandbox is not in sync with the Podfile.lock. Run 'pod install' or update your CocoaPods installation.\" >&2\n    exit 1\nfi\n";
			showEnvVarsInLog = 0;
		};
/* End PBXShellScriptBuildPhase section */

/* Begin PBXSourcesBuildPhase section */
		482625571F1D334E006315E0 /* Sources */ = {
			isa = PBXSourcesBuildPhase;
			buildActionMask = 2147483647;
			files = (
				4827859D1F4B6F94006AE3F6 /* CommentTableViewController.swift in Sources */,
				484593031F461CDF0032505A /* SearchViewController.swift in Sources */,
				484593011F460A660032505A /* CommentViewController.swift in Sources */,
				48FF95311F238924005536C9 /* SettingViewController.swift in Sources */,
				483A8E771F4CB2B800D3A5DA /* HomeTableViewCellAddPost.swift in Sources */,
				486BFFE31F25334B0059BFD8 /* PostEditorViewController.swift in Sources */,
				486DB33C1F1FFA7F00242D25 /* RegisterViewController.swift in Sources */,
				483BE06F1F1E853B0080A2C3 /* ProfileViewController.swift in Sources */,
				483A8E791F4CB2C800D3A5DA /* HomeTableViewCellPost.swift in Sources */,
				4888A9C01F24A7EF00587A86 /* NotificationViewController.swift in Sources */,
				4888A9C91F24C97000587A86 /* HomeTableViewCellSlider.swift in Sources */,
				483E018A1F48546400619833 /* ContentFittingTableView.swift in Sources */,
				4888A9C61F24C75B00587A86 /* HomeViewController.swift in Sources */,
				481FBAB11F508CEE00EB2613 /* LoginViewController.swift in Sources */,
				482625611F1D334E006315E0 /* ViewController.swift in Sources */,
				4826255F1F1D334E006315E0 /* AppDelegate.swift in Sources */,
				48C7713F1F23B5130064F108 /* EditViewController.swift in Sources */,
			);
			runOnlyForDeploymentPostprocessing = 0;
		};
/* End PBXSourcesBuildPhase section */

/* Begin PBXVariantGroup section */
		482625621F1D334E006315E0 /* Main.storyboard */ = {
			isa = PBXVariantGroup;
			children = (
				482625631F1D334E006315E0 /* Base */,
			);
			name = Main.storyboard;
			sourceTree = "<group>";
		};
		482625671F1D334E006315E0 /* LaunchScreen.storyboard */ = {
			isa = PBXVariantGroup;
			children = (
				482625681F1D334E006315E0 /* Base */,
			);
			name = LaunchScreen.storyboard;
			sourceTree = "<group>";
		};
/* End PBXVariantGroup section */

/* Begin XCBuildConfiguration section */
		4826256B1F1D334E006315E0 /* Debug */ = {
			isa = XCBuildConfiguration;
			buildSettings = {
				ALWAYS_SEARCH_USER_PATHS = NO;
				CLANG_ANALYZER_NONNULL = YES;
				CLANG_CXX_LANGUAGE_STANDARD = "gnu++0x";
				CLANG_CXX_LIBRARY = "libc++";
				CLANG_ENABLE_MODULES = YES;
				CLANG_ENABLE_OBJC_ARC = YES;
				CLANG_WARN_BOOL_CONVERSION = YES;
				CLANG_WARN_CONSTANT_CONVERSION = YES;
				CLANG_WARN_DIRECT_OBJC_ISA_USAGE = YES_ERROR;
				CLANG_WARN_DOCUMENTATION_COMMENTS = YES;
				CLANG_WARN_EMPTY_BODY = YES;
				CLANG_WARN_ENUM_CONVERSION = YES;
				CLANG_WARN_INFINITE_RECURSION = YES;
				CLANG_WARN_INT_CONVERSION = YES;
				CLANG_WARN_OBJC_ROOT_CLASS = YES_ERROR;
				CLANG_WARN_SUSPICIOUS_MOVE = YES;
				CLANG_WARN_UNREACHABLE_CODE = YES;
				CLANG_WARN__DUPLICATE_METHOD_MATCH = YES;
				"CODE_SIGN_IDENTITY[sdk=iphoneos*]" = "iPhone Developer";
				COPY_PHASE_STRIP = NO;
				DEBUG_INFORMATION_FORMAT = dwarf;
				ENABLE_STRICT_OBJC_MSGSEND = YES;
				ENABLE_TESTABILITY = YES;
				GCC_C_LANGUAGE_STANDARD = gnu99;
				GCC_DYNAMIC_NO_PIC = NO;
				GCC_NO_COMMON_BLOCKS = YES;
				GCC_OPTIMIZATION_LEVEL = 0;
				GCC_PREPROCESSOR_DEFINITIONS = (
					"DEBUG=1",
					"$(inherited)",
				);
				GCC_WARN_64_TO_32_BIT_CONVERSION = YES;
				GCC_WARN_ABOUT_RETURN_TYPE = YES_ERROR;
				GCC_WARN_UNDECLARED_SELECTOR = YES;
				GCC_WARN_UNINITIALIZED_AUTOS = YES_AGGRESSIVE;
				GCC_WARN_UNUSED_FUNCTION = YES;
				GCC_WARN_UNUSED_VARIABLE = YES;
				IPHONEOS_DEPLOYMENT_TARGET = 10.2;
				MTL_ENABLE_DEBUG_INFO = YES;
				ONLY_ACTIVE_ARCH = YES;
				SDKROOT = iphoneos;
				SWIFT_ACTIVE_COMPILATION_CONDITIONS = DEBUG;
				SWIFT_OPTIMIZATION_LEVEL = "-Onone";
				TARGETED_DEVICE_FAMILY = "1,2";
			};
			name = Debug;
		};
		4826256C1F1D334E006315E0 /* Release */ = {
			isa = XCBuildConfiguration;
			buildSettings = {
				ALWAYS_SEARCH_USER_PATHS = NO;
				CLANG_ANALYZER_NONNULL = YES;
				CLANG_CXX_LANGUAGE_STANDARD = "gnu++0x";
				CLANG_CXX_LIBRARY = "libc++";
				CLANG_ENABLE_MODULES = YES;
				CLANG_ENABLE_OBJC_ARC = YES;
				CLANG_WARN_BOOL_CONVERSION = YES;
				CLANG_WARN_CONSTANT_CONVERSION = YES;
				CLANG_WARN_DIRECT_OBJC_ISA_USAGE = YES_ERROR;
				CLANG_WARN_DOCUMENTATION_COMMENTS = YES;
				CLANG_WARN_EMPTY_BODY = YES;
				CLANG_WARN_ENUM_CONVERSION = YES;
				CLANG_WARN_INFINITE_RECURSION = YES;
				CLANG_WARN_INT_CONVERSION = YES;
				CLANG_WARN_OBJC_ROOT_CLASS = YES_ERROR;
				CLANG_WARN_SUSPICIOUS_MOVE = YES;
				CLANG_WARN_UNREACHABLE_CODE = YES;
				CLANG_WARN__DUPLICATE_METHOD_MATCH = YES;
				"CODE_SIGN_IDENTITY[sdk=iphoneos*]" = "iPhone Developer";
				COPY_PHASE_STRIP = NO;
				DEBUG_INFORMATION_FORMAT = "dwarf-with-dsym";
				ENABLE_NS_ASSERTIONS = NO;
				ENABLE_STRICT_OBJC_MSGSEND = YES;
				GCC_C_LANGUAGE_STANDARD = gnu99;
				GCC_NO_COMMON_BLOCKS = YES;
				GCC_WARN_64_TO_32_BIT_CONVERSION = YES;
				GCC_WARN_ABOUT_RETURN_TYPE = YES_ERROR;
				GCC_WARN_UNDECLARED_SELECTOR = YES;
				GCC_WARN_UNINITIALIZED_AUTOS = YES_AGGRESSIVE;
				GCC_WARN_UNUSED_FUNCTION = YES;
				GCC_WARN_UNUSED_VARIABLE = YES;
				IPHONEOS_DEPLOYMENT_TARGET = 10.2;
				MTL_ENABLE_DEBUG_INFO = NO;
				SDKROOT = iphoneos;
				SWIFT_OPTIMIZATION_LEVEL = "-Owholemodule";
				TARGETED_DEVICE_FAMILY = "1,2";
				VALIDATE_PRODUCT = YES;
			};
			name = Release;
		};
		4826256E1F1D334E006315E0 /* Debug */ = {
			isa = XCBuildConfiguration;
			baseConfigurationReference = 18B10B7E883DD60FC7FEF2E6 /* Pods-SocialNet.debug.xcconfig */;
			buildSettings = {
				ASSETCATALOG_COMPILER_APPICON_NAME = AppIcon;
				"CODE_SIGN_IDENTITY[sdk=iphoneos*]" = "iPhone Developer";
				DEVELOPMENT_TEAM = 9TD5LTN3NQ;
				INFOPLIST_FILE = SocialNet/Info.plist;
				LD_RUNPATH_SEARCH_PATHS = "$(inherited) @executable_path/Frameworks";
				PRODUCT_BUNDLE_IDENTIFIER = com.exampel.SocialNet;
				PRODUCT_NAME = "$(TARGET_NAME)";
				SWIFT_VERSION = 3.0;
				TARGETED_DEVICE_FAMILY = "1,2";
			};
			name = Debug;
		};
		4826256F1F1D334E006315E0 /* Release */ = {
			isa = XCBuildConfiguration;
			baseConfigurationReference = 98E24DE621D83CAB3593E6BF /* Pods-SocialNet.release.xcconfig */;
			buildSettings = {
				ASSETCATALOG_COMPILER_APPICON_NAME = AppIcon;
				"CODE_SIGN_IDENTITY[sdk=iphoneos*]" = "iPhone Developer";
				DEVELOPMENT_TEAM = 9TD5LTN3NQ;
				INFOPLIST_FILE = SocialNet/Info.plist;
				LD_RUNPATH_SEARCH_PATHS = "$(inherited) @executable_path/Frameworks";
				PRODUCT_BUNDLE_IDENTIFIER = com.exampel.SocialNet;
				PRODUCT_NAME = "$(TARGET_NAME)";
				SWIFT_VERSION = 3.0;
				TARGETED_DEVICE_FAMILY = "1,2";
			};
			name = Release;
		};
/* End XCBuildConfiguration section */

/* Begin XCConfigurationList section */
		482625561F1D334E006315E0 /* Build configuration list for PBXProject "SocialNet" */ = {
			isa = XCConfigurationList;
			buildConfigurations = (
				4826256B1F1D334E006315E0 /* Debug */,
				4826256C1F1D334E006315E0 /* Release */,
			);
			defaultConfigurationIsVisible = 0;
			defaultConfigurationName = Release;
		};
		4826256D1F1D334E006315E0 /* Build configuration list for PBXNativeTarget "SocialNet" */ = {
			isa = XCConfigurationList;
			buildConfigurations = (
				4826256E1F1D334E006315E0 /* Debug */,
				4826256F1F1D334E006315E0 /* Release */,
			);
			defaultConfigurationIsVisible = 0;
			defaultConfigurationName = Release;
		};
/* End XCConfigurationList section */
	};
	rootObject = 482625531F1D334E006315E0 /* Project object */;
}
